// !$*UTF8*$!
{
	archiveVersion = 1;
	classes = {
	};
	objectVersion = 77;
	objects = {

/* Begin PBXBuildFile section */
		78AC07302D7FAE6A0074D9BD /* FirebaseAnalytics in Frameworks */ = {isa = PBXBuildFile; productRef = 78AC072F2D7FAE6A0074D9BD /* FirebaseAnalytics */; };
		78AC07322D7FAE6A0074D9BD /* FirebaseAnalyticsOnDeviceConversion in Frameworks */ = {isa = PBXBuildFile; productRef = 78AC07312D7FAE6A0074D9BD /* FirebaseAnalyticsOnDeviceConversion */; };
		78AC07342D7FAE6A0074D9BD /* FirebaseAnalyticsWithoutAdIdSupport in Frameworks */ = {isa = PBXBuildFile; productRef = 78AC07332D7FAE6A0074D9BD /* FirebaseAnalyticsWithoutAdIdSupport */; };
		78AC07362D7FAE6A0074D9BD /* FirebaseAppCheck in Frameworks */ = {isa = PBXBuildFile; productRef = 78AC07352D7FAE6A0074D9BD /* FirebaseAppCheck */; };
		78AC07382D7FAE6A0074D9BD /* FirebaseAppDistribution-Beta in Frameworks */ = {isa = PBXBuildFile; productRef = 78AC07372D7FAE6A0074D9BD /* FirebaseAppDistribution-Beta */; };
		78AC073B2D7FAE740074D9BD /* FirebaseAuth in Frameworks */ = {isa = PBXBuildFile; productRef = 78AC073A2D7FAE740074D9BD /* FirebaseAuth */; };
		78AC073D2D7FAE7B0074D9BD /* FirebaseCore in Frameworks */ = {isa = PBXBuildFile; productRef = 78AC073C2D7FAE7B0074D9BD /* FirebaseCore */; };
		78AC073F2D7FAE820074D9BD /* FirebaseFirestore in Frameworks */ = {isa = PBXBuildFile; productRef = 78AC073E2D7FAE820074D9BD /* FirebaseFirestore */; };
/* End PBXBuildFile section */

/* Begin PBXFileReference section */
		78AC07162D7FAE1A0074D9BD /* SRMHealthApp.app */ = {isa = PBXFileReference; explicitFileType = wrapper.application; includeInIndex = 0; path = SRMHealthApp.app; sourceTree = BUILT_PRODUCTS_DIR; };
/* End PBXFileReference section */

/* Begin PBXFileSystemSynchronizedBuildFileExceptionSet section */
		78AC07282D7FAE1B0074D9BD /* Exceptions for "SRMHealthApp" folder in "SRMHealthApp" target */ = {
			isa = PBXFileSystemSynchronizedBuildFileExceptionSet;
			membershipExceptions = (
				Info.plist,
			);
			target = 78AC07152D7FAE1A0074D9BD /* SRMHealthApp */;
		};
/* End PBXFileSystemSynchronizedBuildFileExceptionSet section */

/* Begin PBXFileSystemSynchronizedRootGroup section */
		78AC07182D7FAE1A0074D9BD /* SRMHealthApp */ = {
			isa = PBXFileSystemSynchronizedRootGroup;
			exceptions = (
				78AC07282D7FAE1B0074D9BD /* Exceptions for "SRMHealthApp" folder in "SRMHealthApp" target */,
			);
			path = SRMHealthApp;
			sourceTree = "<group>";
		};
/* End PBXFileSystemSynchronizedRootGroup section */

/* Begin PBXFrameworksBuildPhase section */
		78AC07132D7FAE1A0074D9BD /* Frameworks */ = {
			isa = PBXFrameworksBuildPhase;
			buildActionMask = 2147483647;
			files = (
				78AC07362D7FAE6A0074D9BD /* FirebaseAppCheck in Frameworks */,
				78AC073B2D7FAE740074D9BD /* FirebaseAuth in Frameworks */,
				78AC07302D7FAE6A0074D9BD /* FirebaseAnalytics in Frameworks */,
				78AC07382D7FAE6A0074D9BD /* FirebaseAppDistribution-Beta in Frameworks */,
				78AC073D2D7FAE7B0074D9BD /* FirebaseCore in Frameworks */,
				78AC073F2D7FAE820074D9BD /* FirebaseFirestore in Frameworks */,
				78AC07342D7FAE6A0074D9BD /* FirebaseAnalyticsWithoutAdIdSupport in Frameworks */,
				78AC07322D7FAE6A0074D9BD /* FirebaseAnalyticsOnDeviceConversion in Frameworks */,
			);
			runOnlyForDeploymentPostprocessing = 0;
		};
/* End PBXFrameworksBuildPhase section */

/* Begin PBXGroup section */
		78AC070D2D7FAE1A0074D9BD = {
			isa = PBXGroup;
			children = (
				78AC07182D7FAE1A0074D9BD /* SRMHealthApp */,
				78AC07392D7FAE740074D9BD /* Frameworks */,
				78AC07172D7FAE1A0074D9BD /* Products */,
			);
			sourceTree = "<group>";
		};
		78AC07172D7FAE1A0074D9BD /* Products */ = {
			isa = PBXGroup;
			children = (
				78AC07162D7FAE1A0074D9BD /* SRMHealthApp.app */,
			);
			name = Products;
			sourceTree = "<group>";
		};
		78AC07392D7FAE740074D9BD /* Frameworks */ = {
			isa = PBXGroup;
			children = (
			);
			name = Frameworks;
			sourceTree = "<group>";
		};
/* End PBXGroup section */

/* Begin PBXNativeTarget section */
		78AC07152D7FAE1A0074D9BD /* SRMHealthApp */ = {
			isa = PBXNativeTarget;
			buildConfigurationList = 78AC07292D7FAE1B0074D9BD /* Build configuration list for PBXNativeTarget "SRMHealthApp" */;
			buildPhases = (
				78AC07122D7FAE1A0074D9BD /* Sources */,
				78AC07132D7FAE1A0074D9BD /* Frameworks */,
				78AC07142D7FAE1A0074D9BD /* Resources */,
			);
			buildRules = (
			);
			dependencies = (
			);
			fileSystemSynchronizedGroups = (
				78AC07182D7FAE1A0074D9BD /* SRMHealthApp */,
			);
			name = SRMHealthApp;
			packageProductDependencies = (
				78AC072F2D7FAE6A0074D9BD /* FirebaseAnalytics */,
				78AC07312D7FAE6A0074D9BD /* FirebaseAnalyticsOnDeviceConversion */,
				78AC07332D7FAE6A0074D9BD /* FirebaseAnalyticsWithoutAdIdSupport */,
				78AC07352D7FAE6A0074D9BD /* FirebaseAppCheck */,
				78AC07372D7FAE6A0074D9BD /* FirebaseAppDistribution-Beta */,
				78AC073A2D7FAE740074D9BD /* FirebaseAuth */,
				78AC073C2D7FAE7B0074D9BD /* FirebaseCore */,
				78AC073E2D7FAE820074D9BD /* FirebaseFirestore */,
			);
			productName = SRMHealthApp;
			productReference = 78AC07162D7FAE1A0074D9BD /* SRMHealthApp.app */;
			productType = "com.apple.product-type.application";
		};
/* End PBXNativeTarget section */

/* Begin PBXProject section */
		78AC070E2D7FAE1A0074D9BD /* Project object */ = {
			isa = PBXProject;
			attributes = {
				BuildIndependentTargetsInParallel = 1;
				LastSwiftUpdateCheck = 1600;
				LastUpgradeCheck = 1600;
				TargetAttributes = {
					78AC07152D7FAE1A0074D9BD = {
						CreatedOnToolsVersion = 16.0;
					};
				};
			};
			buildConfigurationList = 78AC07112D7FAE1A0074D9BD /* Build configuration list for PBXProject "SRMHealthApp" */;
			developmentRegion = en;
			hasScannedForEncodings = 0;
			knownRegions = (
				en,
				Base,
			);
			mainGroup = 78AC070D2D7FAE1A0074D9BD;
			minimizedProjectReferenceProxies = 1;
			packageReferences = (
				78AC072E2D7FAE6A0074D9BD /* XCRemoteSwiftPackageReference "firebase-ios-sdk" */,
			);
			preferredProjectObjectVersion = 77;
			productRefGroup = 78AC07172D7FAE1A0074D9BD /* Products */;
			projectDirPath = "";
			projectRoot = "";
			targets = (
				78AC07152D7FAE1A0074D9BD /* SRMHealthApp */,
			);
		};
/* End PBXProject section */

/* Begin PBXResourcesBuildPhase section */
		78AC07142D7FAE1A0074D9BD /* Resources */ = {
			isa = PBXResourcesBuildPhase;
			buildActionMask = 2147483647;
			files = (
			);
			runOnlyForDeploymentPostprocessing = 0;
		};
/* End PBXResourcesBuildPhase section */

/* Begin PBXSourcesBuildPhase section */
		78AC07122D7FAE1A0074D9BD /* Sources */ = {
			isa = PBXSourcesBuildPhase;
			buildActionMask = 2147483647;
			files = (
			);
			runOnlyForDeploymentPostprocessing = 0;
		};
/* End PBXSourcesBuildPhase section */

/* Begin XCBuildConfiguration section */
		78AC072A2D7FAE1B0074D9BD /* Debug */ = {
			isa = XCBuildConfiguration;
			buildSettings = {
				ASSETCATALOG_COMPILER_APPICON_NAME = AppIcon;
				ASSETCATALOG_COMPILER_GLOBAL_ACCENT_COLOR_NAME = AccentColor;
				CODE_SIGN_STYLE = Automatic;
				CURRENT_PROJECT_VERSION = 1;
				DEVELOPMENT_TEAM = 5P9MT7PS5M;
				GENERATE_INFOPLIST_FILE = YES;
				INFOPLIST_FILE = SRMHealthApp/Info.plist;
				INFOPLIST_KEY_CFBundleDisplayName = "";
				INFOPLIST_KEY_UIApplicationSupportsIndirectInputEvents = YES;
				INFOPLIST_KEY_UISupportedInterfaceOrientations_iPad = "UIInterfaceOrientationPortrait UIInterfaceOrientationPortraitUpsideDown UIInterfaceOrientationLandscapeLeft UIInterfaceOrientationLandscapeRight";
				INFOPLIST_KEY_UISupportedInterfaceOrientations_iPhone = "UIInterfaceOrientationPortrait UIInterfaceOrientationLandscapeLeft UIInterfaceOrientationLandscapeRight";
				LD_RUNPATH_SEARCH_PATHS = (
					"$(inherited)",
					"@executable_path/Frameworks",
				);
				MARKETING_VERSION = 1.0;
				PRODUCT_BUNDLE_IDENTIFIER = com.sanidhya.SRMHealthApp;
				PRODUCT_NAME = "$(TARGET_NAME)";
				SWIFT_EMIT_LOC_STRINGS = YES;
				SWIFT_VERSION = 5.0;
				TARGETED_DEVICE_FAMILY = "1,2";
			};
			name = Debug;
		};
		78AC072B2D7FAE1B0074D9BD /* Release */ = {
			isa = XCBuildConfiguration;
			buildSettings = {
				ASSETCATALOG_COMPILER_APPICON_NAME = AppIcon;
				ASSETCATALOG_COMPILER_GLOBAL_ACCENT_COLOR_NAME = AccentColor;
				CODE_SIGN_STYLE = Automatic;
				CURRENT_PROJECT_VERSION = 1;
				DEVELOPMENT_TEAM = 5P9MT7PS5M;
				GENERATE_INFOPLIST_FILE = YES;
				INFOPLIST_FILE = SRMHealthApp/Info.plist;
				INFOPLIST_KEY_CFBundleDisplayName = "";
				INFOPLIST_KEY_UIApplicationSupportsIndirectInputEvents = YES;
				INFOPLIST_KEY_UISupportedInterfaceOrientations_iPad = "UIInterfaceOrientationPortrait UIInterfaceOrientationPortraitUpsideDown UIInterfaceOrientationLandscapeLeft UIInterfaceOrientationLandscapeRight";
				INFOPLIST_KEY_UISupportedInterfaceOrientations_iPhone = "UIInterfaceOrientationPortrait UIInterfaceOrientationLandscapeLeft UIInterfaceOrientationLandscapeRight";
				LD_RUNPATH_SEARCH_PATHS = (
					"$(inherited)",
					"@executable_path/Frameworks",
				);
				MARKETING_VERSION = 1.0;
				PRODUCT_BUNDLE_IDENTIFIER = com.sanidhya.SRMHealthApp;
				PRODUCT_NAME = "$(TARGET_NAME)";
				SWIFT_EMIT_LOC_STRINGS = YES;
				SWIFT_VERSION = 5.0;
				TARGETED_DEVICE_FAMILY = "1,2";
			};
			name = Release;
		};
		78AC072C2D7FAE1B0074D9BD /* Debug */ = {
			isa = XCBuildConfiguration;
			buildSettings = {
				ALWAYS_SEARCH_USER_PATHS = NO;
				ASSETCATALOG_COMPILER_GENERATE_SWIFT_ASSET_SYMBOL_EXTENSIONS = YES;
				CLANG_ANALYZER_NONNULL = YES;
				CLANG_ANALYZER_NUMBER_OBJECT_CONVERSION = YES_AGGRESSIVE;
				CLANG_CXX_LANGUAGE_STANDARD = "gnu++20";
				CLANG_ENABLE_MODULES = YES;
				CLANG_ENABLE_OBJC_ARC = YES;
				CLANG_ENABLE_OBJC_WEAK = YES;
				CLANG_WARN_BLOCK_CAPTURE_AUTORELEASING = YES;
				CLANG_WARN_BOOL_CONVERSION = YES;
				CLANG_WARN_COMMA = YES;
				CLANG_WARN_CONSTANT_CONVERSION = YES;
				CLANG_WARN_DEPRECATED_OBJC_IMPLEMENTATIONS = YES;
				CLANG_WARN_DIRECT_OBJC_ISA_USAGE = YES_ERROR;
				CLANG_WARN_DOCUMENTATION_COMMENTS = YES;
				CLANG_WARN_EMPTY_BODY = YES;
				CLANG_WARN_ENUM_CONVERSION = YES;
				CLANG_WARN_INFINITE_RECURSION = YES;
				CLANG_WARN_INT_CONVERSION = YES;
				CLANG_WARN_NON_LITERAL_NULL_CONVERSION = YES;
				CLANG_WARN_OBJC_IMPLICIT_RETAIN_SELF = YES;
				CLANG_WARN_OBJC_LITERAL_CONVERSION = YES;
				CLANG_WARN_OBJC_ROOT_CLASS = YES_ERROR;
				CLANG_WARN_QUOTED_INCLUDE_IN_FRAMEWORK_HEADER = YES;
				CLANG_WARN_RANGE_LOOP_ANALYSIS = YES;
				CLANG_WARN_STRICT_PROTOTYPES = YES;
				CLANG_WARN_SUSPICIOUS_MOVE = YES;
				CLANG_WARN_UNGUARDED_AVAILABILITY = YES_AGGRESSIVE;
				CLANG_WARN_UNREACHABLE_CODE = YES;
				CLANG_WARN__DUPLICATE_METHOD_MATCH = YES;
				COPY_PHASE_STRIP = NO;
				DEBUG_INFORMATION_FORMAT = dwarf;
				ENABLE_STRICT_OBJC_MSGSEND = YES;
				ENABLE_TESTABILITY = YES;
				ENABLE_USER_SCRIPT_SANDBOXING = YES;
				GCC_C_LANGUAGE_STANDARD = gnu17;
				GCC_DYNAMIC_NO_PIC = NO;
				GCC_NO_COMMON_BLOCKS = YES;
				GCC_OPTIMIZATION_LEVEL = 0;
				GCC_PREPROCESSOR_DEFINITIONS = (
					"DEBUG=1",
					"$(inherited)",
				);
				GCC_WARN_64_TO_32_BIT_CONVERSION = YES;
				GCC_WARN_ABOUT_RETURN_TYPE = YES_ERROR;
				GCC_WARN_UNDECLARED_SELECTOR = YES;
				GCC_WARN_UNINITIALIZED_AUTOS = YES_AGGRESSIVE;
				GCC_WARN_UNUSED_FUNCTION = YES;
				GCC_WARN_UNUSED_VARIABLE = YES;
				IPHONEOS_DEPLOYMENT_TARGET = 18.0;
				LOCALIZATION_PREFERS_STRING_CATALOGS = YES;
				MTL_ENABLE_DEBUG_INFO = INCLUDE_SOURCE;
				MTL_FAST_MATH = YES;
				ONLY_ACTIVE_ARCH = YES;
				SDKROOT = iphoneos;
				SWIFT_ACTIVE_COMPILATION_CONDITIONS = "DEBUG $(inherited)";
				SWIFT_OPTIMIZATION_LEVEL = "-Onone";
			};
			name = Debug;
		};
		78AC072D2D7FAE1B0074D9BD /* Release */ = {
			isa = XCBuildConfiguration;
			buildSettings = {
				ALWAYS_SEARCH_USER_PATHS = NO;
				ASSETCATALOG_COMPILER_GENERATE_SWIFT_ASSET_SYMBOL_EXTENSIONS = YES;
				CLANG_ANALYZER_NONNULL = YES;
				CLANG_ANALYZER_NUMBER_OBJECT_CONVERSION = YES_AGGRESSIVE;
				CLANG_CXX_LANGUAGE_STANDARD = "gnu++20";
				CLANG_ENABLE_MODULES = YES;
				CLANG_ENABLE_OBJC_ARC = YES;
				CLANG_ENABLE_OBJC_WEAK = YES;
				CLANG_WARN_BLOCK_CAPTURE_AUTORELEASING = YES;
				CLANG_WARN_BOOL_CONVERSION = YES;
				CLANG_WARN_COMMA = YES;
				CLANG_WARN_CONSTANT_CONVERSION = YES;
				CLANG_WARN_DEPRECATED_OBJC_IMPLEMENTATIONS = YES;
				CLANG_WARN_DIRECT_OBJC_ISA_USAGE = YES_ERROR;
				CLANG_WARN_DOCUMENTATION_COMMENTS = YES;
				CLANG_WARN_EMPTY_BODY = YES;
				CLANG_WARN_ENUM_CONVERSION = YES;
				CLANG_WARN_INFINITE_RECURSION = YES;
				CLANG_WARN_INT_CONVERSION = YES;
				CLANG_WARN_NON_LITERAL_NULL_CONVERSION = YES;
				CLANG_WARN_OBJC_IMPLICIT_RETAIN_SELF = YES;
				CLANG_WARN_OBJC_LITERAL_CONVERSION = YES;
				CLANG_WARN_OBJC_ROOT_CLASS = YES_ERROR;
				CLANG_WARN_QUOTED_INCLUDE_IN_FRAMEWORK_HEADER = YES;
				CLANG_WARN_RANGE_LOOP_ANALYSIS = YES;
				CLANG_WARN_STRICT_PROTOTYPES = YES;
				CLANG_WARN_SUSPICIOUS_MOVE = YES;
				CLANG_WARN_UNGUARDED_AVAILABILITY = YES_AGGRESSIVE;
				CLANG_WARN_UNREACHABLE_CODE = YES;
				CLANG_WARN__DUPLICATE_METHOD_MATCH = YES;
				COPY_PHASE_STRIP = NO;
				DEBUG_INFORMATION_FORMAT = "dwarf-with-dsym";
				ENABLE_NS_ASSERTIONS = NO;
				ENABLE_STRICT_OBJC_MSGSEND = YES;
				ENABLE_USER_SCRIPT_SANDBOXING = YES;
				GCC_C_LANGUAGE_STANDARD = gnu17;
				GCC_NO_COMMON_BLOCKS = YES;
				GCC_WARN_64_TO_32_BIT_CONVERSION = YES;
				GCC_WARN_ABOUT_RETURN_TYPE = YES_ERROR;
				GCC_WARN_UNDECLARED_SELECTOR = YES;
				GCC_WARN_UNINITIALIZED_AUTOS = YES_AGGRESSIVE;
				GCC_WARN_UNUSED_FUNCTION = YES;
				GCC_WARN_UNUSED_VARIABLE = YES;
				IPHONEOS_DEPLOYMENT_TARGET = 18.0;
				LOCALIZATION_PREFERS_STRING_CATALOGS = YES;
				MTL_ENABLE_DEBUG_INFO = NO;
				MTL_FAST_MATH = YES;
				SDKROOT = iphoneos;
				SWIFT_COMPILATION_MODE = wholemodule;
				VALIDATE_PRODUCT = YES;
			};
			name = Release;
		};
/* End XCBuildConfiguration section */

/* Begin XCConfigurationList section */
		78AC07112D7FAE1A0074D9BD /* Build configuration list for PBXProject "SRMHealthApp" */ = {
			isa = XCConfigurationList;
			buildConfigurations = (
				78AC072C2D7FAE1B0074D9BD /* Debug */,
				78AC072D2D7FAE1B0074D9BD /* Release */,
			);
			defaultConfigurationIsVisible = 0;
			defaultConfigurationName = Release;
		};
		78AC07292D7FAE1B0074D9BD /* Build configuration list for PBXNativeTarget "SRMHealthApp" */ = {
			isa = XCConfigurationList;
			buildConfigurations = (
				78AC072A2D7FAE1B0074D9BD /* Debug */,
				78AC072B2D7FAE1B0074D9BD /* Release */,
			);
			defaultConfigurationIsVisible = 0;
			defaultConfigurationName = Release;
		};
/* End XCConfigurationList section */

/* Begin XCRemoteSwiftPackageReference section */
		78AC072E2D7FAE6A0074D9BD /* XCRemoteSwiftPackageReference "firebase-ios-sdk" */ = {
			isa = XCRemoteSwiftPackageReference;
			repositoryURL = "https://github.com/firebase/firebase-ios-sdk";
			requirement = {
				kind = upToNextMajorVersion;
				minimumVersion = 11.9.0;
			};
		};
/* End XCRemoteSwiftPackageReference section */

/* Begin XCSwiftPackageProductDependency section */
		78AC072F2D7FAE6A0074D9BD /* FirebaseAnalytics */ = {
			isa = XCSwiftPackageProductDependency;
			package = 78AC072E2D7FAE6A0074D9BD /* XCRemoteSwiftPackageReference "firebase-ios-sdk" */;
			productName = FirebaseAnalytics;
		};
		78AC07312D7FAE6A0074D9BD /* FirebaseAnalyticsOnDeviceConversion */ = {
			isa = XCSwiftPackageProductDependency;
			package = 78AC072E2D7FAE6A0074D9BD /* XCRemoteSwiftPackageReference "firebase-ios-sdk" */;
			productName = FirebaseAnalyticsOnDeviceConversion;
		};
		78AC07332D7FAE6A0074D9BD /* FirebaseAnalyticsWithoutAdIdSupport */ = {
			isa = XCSwiftPackageProductDependency;
			package = 78AC072E2D7FAE6A0074D9BD /* XCRemoteSwiftPackageReference "firebase-ios-sdk" */;
			productName = FirebaseAnalyticsWithoutAdIdSupport;
		};
		78AC07352D7FAE6A0074D9BD /* FirebaseAppCheck */ = {
			isa = XCSwiftPackageProductDependency;
			package = 78AC072E2D7FAE6A0074D9BD /* XCRemoteSwiftPackageReference "firebase-ios-sdk" */;
			productName = FirebaseAppCheck;
		};
		78AC07372D7FAE6A0074D9BD /* FirebaseAppDistribution-Beta */ = {
			isa = XCSwiftPackageProductDependency;
			package = 78AC072E2D7FAE6A0074D9BD /* XCRemoteSwiftPackageReference "firebase-ios-sdk" */;
			productName = "FirebaseAppDistribution-Beta";
		};
		78AC073A2D7FAE740074D9BD /* FirebaseAuth */ = {
			isa = XCSwiftPackageProductDependency;
			package = 78AC072E2D7FAE6A0074D9BD /* XCRemoteSwiftPackageReference "firebase-ios-sdk" */;
			productName = FirebaseAuth;
		};
		78AC073C2D7FAE7B0074D9BD /* FirebaseCore */ = {
			isa = XCSwiftPackageProductDependency;
			package = 78AC072E2D7FAE6A0074D9BD /* XCRemoteSwiftPackageReference "firebase-ios-sdk" */;
			productName = FirebaseCore;
		};
		78AC073E2D7FAE820074D9BD /* FirebaseFirestore */ = {
			isa = XCSwiftPackageProductDependency;
			package = 78AC072E2D7FAE6A0074D9BD /* XCRemoteSwiftPackageReference "firebase-ios-sdk" */;
			productName = FirebaseFirestore;
		};
/* End XCSwiftPackageProductDependency section */
	};
	rootObject = 78AC070E2D7FAE1A0074D9BD /* Project object */;
}
